
Microsoft Visual Studio Solution File, Format Version 12.00
# Visual Studio Version 17
VisualStudioVersion = 17.0.32112.339
MinimumVisualStudioVersion = 10.0.40219.1
Project("{9A19103F-16F7-4668-BE54-9A1E7A4F7556}") = "M01_HelloWPF", "HelloWPF\M01_HelloWPF.csproj", "{C5C95F9C-3132-414F-9F47-2847874D5425}"
EndProject
Project("{9A19103F-16F7-4668-BE54-9A1E7A4F7556}") = "M02_Controls", "Controls\M02_Controls.csproj", "{AA36DD84-70E3-4664-BFF7-8701842FF24C}"
EndProject
Project("{9A19103F-16F7-4668-BE54-9A1E7A4F7556}") = "Personendatenbank", "Personendatenbank\Personendatenbank.csproj", "{3E4C7071-3741-4FFF-8406-05EEEA9115B0}"
EndProject
Project("{9A19103F-16F7-4668-BE54-9A1E7A4F7556}") = "M03_Container", "Container\M03_Container.csproj", "{58623BEF-BF61-4FC7-AFF6-D7D43F3C3B55}"
EndProject
Project("{9A19103F-16F7-4668-BE54-9A1E7A4F7556}") = "M04_EventHandling", "EventHandling\M04_EventHandling.csproj", "{435FFCA7-F6B0-4D2A-A265-6D6775171C9D}"
EndProject
Project("{FAE04EC0-301F-11D3-BF4B-00C04F79EFBC}") = "PropertyBinding", "PropertyBinding\PropertyBinding.csproj", "{76D7E12D-A5C3-49B1-82A5-39B2E39F91F2}"
EndProject
Global
	GlobalSection(SolutionConfigurationPlatforms) = preSolution
		Debug|Any CPU = Debug|Any CPU
		Release|Any CPU = Release|Any CPU
	EndGlobalSection
	GlobalSection(ProjectConfigurationPlatforms) = postSolution
		{C5C95F9C-3132-414F-9F47-2847874D5425}.Debug|Any CPU.ActiveCfg = Debug|Any CPU
		{C5C95F9C-3132-414F-9F47-2847874D5425}.Debug|Any CPU.Build.0 = Debug|Any CPU
		{C5C95F9C-3132-414F-9F47-2847874D5425}.Release|Any CPU.ActiveCfg = Release|Any CPU
		{C5C95F9C-3132-414F-9F47-2847874D5425}.Release|Any CPU.Build.0 = Release|Any CPU
		{AA36DD84-70E3-4664-BFF7-8701842FF24C}.Debug|Any CPU.ActiveCfg = Debug|Any CPU
		{AA36DD84-70E3-4664-BFF7-8701842FF24C}.Debug|Any CPU.Build.0 = Debug|Any CPU
		{AA36DD84-70E3-4664-BFF7-8701842FF24C}.Release|Any CPU.ActiveCfg = Release|Any CPU
		{AA36DD84-70E3-4664-BFF7-8701842FF24C}.Release|Any CPU.Build.0 = Release|Any CPU
		{3E4C7071-3741-4FFF-8406-05EEEA9115B0}.Debug|Any CPU.ActiveCfg = Debug|Any CPU
		{3E4C7071-3741-4FFF-8406-05EEEA9115B0}.Debug|Any CPU.Build.0 = Debug|Any CPU
		{3E4C7071-3741-4FFF-8406-05EEEA9115B0}.Release|Any CPU.ActiveCfg = Release|Any CPU
		{3E4C7071-3741-4FFF-8406-05EEEA9115B0}.Release|Any CPU.Build.0 = Release|Any CPU
		{58623BEF-BF61-4FC7-AFF6-D7D43F3C3B55}.Debug|Any CPU.ActiveCfg = Debug|Any CPU
		{58623BEF-BF61-4FC7-AFF6-D7D43F3C3B55}.Debug|Any CPU.Build.0 = Debug|Any CPU
		{58623BEF-BF61-4FC7-AFF6-D7D43F3C3B55}.Release|Any CPU.ActiveCfg = Release|Any CPU
		{58623BEF-BF61-4FC7-AFF6-D7D43F3C3B55}.Release|Any CPU.Build.0 = Release|Any CPU
		{435FFCA7-F6B0-4D2A-A265-6D6775171C9D}.Debug|Any CPU.ActiveCfg = Debug|Any CPU
		{435FFCA7-F6B0-4D2A-A265-6D6775171C9D}.Debug|Any CPU.Build.0 = Debug|Any CPU
		{435FFCA7-F6B0-4D2A-A265-6D6775171C9D}.Release|Any CPU.ActiveCfg = Release|Any CPU
		{435FFCA7-F6B0-4D2A-A265-6D6775171C9D}.Release|Any CPU.Build.0 = Release|Any CPU
		{76D7E12D-A5C3-49B1-82A5-39B2E39F91F2}.Debug|Any CPU.ActiveCfg = Debug|Any CPU
		{76D7E12D-A5C3-49B1-82A5-39B2E39F91F2}.Debug|Any CPU.Build.0 = Debug|Any CPU
		{76D7E12D-A5C3-49B1-82A5-39B2E39F91F2}.Release|Any CPU.ActiveCfg = Release|Any CPU
		{76D7E12D-A5C3-49B1-82A5-39B2E39F91F2}.Release|Any CPU.Build.0 = Release|Any CPU
	EndGlobalSection
	GlobalSection(SolutionProperties) = preSolution
		HideSolutionNode = FALSE
	EndGlobalSection
	GlobalSection(ExtensibilityGlobals) = postSolution
		SolutionGuid = {2FCB541D-3391-4999-8693-8191E175A357}
	EndGlobalSection
EndGlobal
